
Microsoft Visual Studio Solution File, Format Version 12.00
# Visual Studio 15
VisualStudioVersion = 15.0.27703.2035
MinimumVisualStudioVersion = 10.0.40219.1
Project("{FAE04EC0-301F-11D3-BF4B-00C04F79EFBC}") = "Cibertec.UI.MVC", "Cibertec.UI.MVC\Cibertec.UI.MVC.csproj", "{EAD2FB94-7F47-4A86-8129-7D78D8226CF2}"
EndProject
Global
	GlobalSection(SolutionConfigurationPlatforms) = preSolution
		Debug|Any CPU = Debug|Any CPU
		Release|Any CPU = Release|Any CPU
	EndGlobalSection
	GlobalSection(ProjectConfigurationPlatforms) = postSolution
		{EAD2FB94-7F47-4A86-8129-7D78D8226CF2}.Debug|Any CPU.ActiveCfg = Debug|Any CPU
		{EAD2FB94-7F47-4A86-8129-7D78D8226CF2}.Debug|Any CPU.Build.0 = Debug|Any CPU
		{EAD2FB94-7F47-4A86-8129-7D78D8226CF2}.Release|Any CPU.ActiveCfg = Release|Any CPU
		{EAD2FB94-7F47-4A86-8129-7D78D8226CF2}.Release|Any CPU.Build.0 = Release|Any CPU
	EndGlobalSection
	GlobalSection(SolutionProperties) = preSolution
		HideSolutionNode = FALSE
	EndGlobalSection
	GlobalSection(ExtensibilityGlobals) = postSolution
		SolutionGuid = {E185FF93-280E-44FD-9D1B-71422FD5DD0D}
	EndGlobalSection
EndGlobal
