
Microsoft Visual Studio Solution File, Format Version 12.00
# Visual Studio 15
VisualStudioVersion = 15.0.27703.2035
MinimumVisualStudioVersion = 10.0.40219.1
Project("{FAE04EC0-301F-11D3-BF4B-00C04F79EFBC}") = "App.Entities.Base", "App.Entities.Base\App.Entities.Base.csproj", "{E1ED223D-2C98-499D-A406-A5FE8D4AF2A7}"
EndProject
Project("{FAE04EC0-301F-11D3-BF4B-00C04F79EFBC}") = "App.Data.DataBase", "App.Data.DataBase\App.Data.DataBase.csproj", "{06D5D792-BD0B-48E8-940A-C9B24E805AD2}"
EndProject
Project("{FAE04EC0-301F-11D3-BF4B-00C04F79EFBC}") = "App.Data.DataBase.Test", "App.Data.DataBase.Test\App.Data.DataBase.Test.csproj", "{4F3061C3-F7A2-4B61-8379-74564550D29C}"
EndProject
Project("{FAE04EC0-301F-11D3-BF4B-00C04F79EFBC}") = "App.Data.Repository.Interfaces", "App.Data.Repository.Interfaces\App.Data.Repository.Interfaces.csproj", "{75F4274E-C1B3-483D-B8A6-5DD289180B68}"
EndProject
Project("{FAE04EC0-301F-11D3-BF4B-00C04F79EFBC}") = "App.Data.Repository", "App.Data.Repository\App.Data.Repository.csproj", "{AE87FD62-2AF2-451D-8A90-CD099E77660E}"
EndProject
Project("{FAE04EC0-301F-11D3-BF4B-00C04F79EFBC}") = "App.Data.Repository.Test", "App.Data.Repository.Test\App.Data.Repository.Test.csproj", "{C7511D22-29C1-483C-9D24-3506A1AE8776}"
EndProject
Project("{FAE04EC0-301F-11D3-BF4B-00C04F79EFBC}") = "App.UI.Web.MVC", "App.UI.Web.MVC\App.UI.Web.MVC.csproj", "{AE0976E8-835F-4F5B-B97A-0BC77A18FADE}"
EndProject
Project("{FAE04EC0-301F-11D3-BF4B-00C04F79EFBC}") = "App.UI.Web.MVC.Tests", "App.UI.Web.MVC.Tests\App.UI.Web.MVC.Tests.csproj", "{6B1B4988-FBFF-4068-8B03-0496401F6D19}"
EndProject
Project("{2150E333-8FDC-42A3-9474-1A3956D46DE8}") = "Data", "Data", "{9F7C113D-679D-4233-9394-C475EA18E38E}"
EndProject
Project("{2150E333-8FDC-42A3-9474-1A3956D46DE8}") = "Entities", "Entities", "{88326AED-61D8-448D-BED7-B618161DD360}"
EndProject
Project("{2150E333-8FDC-42A3-9474-1A3956D46DE8}") = "Presentation", "Presentation", "{E48C2E84-7259-403D-B578-5C2E46DAFA97}"
EndProject
Project("{2150E333-8FDC-42A3-9474-1A3956D46DE8}") = "Domain", "Domain", "{AE8EC3E0-CD6A-4EE6-A3D9-BFF0BDB069C6}"
EndProject
Project("{FAE04EC0-301F-11D3-BF4B-00C04F79EFBC}") = "App.Domain.Services", "App.Domain.Services\App.Domain.Services.csproj", "{BB3C6F74-80FB-4C8F-986C-89F6420EEE97}"
EndProject
Project("{FAE04EC0-301F-11D3-BF4B-00C04F79EFBC}") = "App.Domain.Services.Interfaces", "App.Domain.Services.Interfaces\App.Domain.Services.Interfaces.csproj", "{B5AE0FB2-FB12-4A70-ADAB-6D0F812B25EB}"
EndProject
Project("{FAE04EC0-301F-11D3-BF4B-00C04F79EFBC}") = "App.Entities.Queries", "App.Entities.Queries\App.Entities.Queries.csproj", "{7F01B9BB-5307-4245-89D6-F22F7CD1723B}"
EndProject
Global
	GlobalSection(SolutionConfigurationPlatforms) = preSolution
		Debug|Any CPU = Debug|Any CPU
		Release|Any CPU = Release|Any CPU
	EndGlobalSection
	GlobalSection(ProjectConfigurationPlatforms) = postSolution
		{E1ED223D-2C98-499D-A406-A5FE8D4AF2A7}.Debug|Any CPU.ActiveCfg = Debug|Any CPU
		{E1ED223D-2C98-499D-A406-A5FE8D4AF2A7}.Debug|Any CPU.Build.0 = Debug|Any CPU
		{E1ED223D-2C98-499D-A406-A5FE8D4AF2A7}.Release|Any CPU.ActiveCfg = Release|Any CPU
		{E1ED223D-2C98-499D-A406-A5FE8D4AF2A7}.Release|Any CPU.Build.0 = Release|Any CPU
		{06D5D792-BD0B-48E8-940A-C9B24E805AD2}.Debug|Any CPU.ActiveCfg = Debug|Any CPU
		{06D5D792-BD0B-48E8-940A-C9B24E805AD2}.Debug|Any CPU.Build.0 = Debug|Any CPU
		{06D5D792-BD0B-48E8-940A-C9B24E805AD2}.Release|Any CPU.ActiveCfg = Release|Any CPU
		{06D5D792-BD0B-48E8-940A-C9B24E805AD2}.Release|Any CPU.Build.0 = Release|Any CPU
		{4F3061C3-F7A2-4B61-8379-74564550D29C}.Debug|Any CPU.ActiveCfg = Debug|Any CPU
		{4F3061C3-F7A2-4B61-8379-74564550D29C}.Debug|Any CPU.Build.0 = Debug|Any CPU
		{4F3061C3-F7A2-4B61-8379-74564550D29C}.Release|Any CPU.ActiveCfg = Release|Any CPU
		{4F3061C3-F7A2-4B61-8379-74564550D29C}.Release|Any CPU.Build.0 = Release|Any CPU
		{75F4274E-C1B3-483D-B8A6-5DD289180B68}.Debug|Any CPU.ActiveCfg = Debug|Any CPU
		{75F4274E-C1B3-483D-B8A6-5DD289180B68}.Debug|Any CPU.Build.0 = Debug|Any CPU
		{75F4274E-C1B3-483D-B8A6-5DD289180B68}.Release|Any CPU.ActiveCfg = Release|Any CPU
		{75F4274E-C1B3-483D-B8A6-5DD289180B68}.Release|Any CPU.Build.0 = Release|Any CPU
		{AE87FD62-2AF2-451D-8A90-CD099E77660E}.Debug|Any CPU.ActiveCfg = Debug|Any CPU
		{AE87FD62-2AF2-451D-8A90-CD099E77660E}.Debug|Any CPU.Build.0 = Debug|Any CPU
		{AE87FD62-2AF2-451D-8A90-CD099E77660E}.Release|Any CPU.ActiveCfg = Release|Any CPU
		{AE87FD62-2AF2-451D-8A90-CD099E77660E}.Release|Any CPU.Build.0 = Release|Any CPU
		{C7511D22-29C1-483C-9D24-3506A1AE8776}.Debug|Any CPU.ActiveCfg = Debug|Any CPU
		{C7511D22-29C1-483C-9D24-3506A1AE8776}.Debug|Any CPU.Build.0 = Debug|Any CPU
		{C7511D22-29C1-483C-9D24-3506A1AE8776}.Release|Any CPU.ActiveCfg = Release|Any CPU
		{C7511D22-29C1-483C-9D24-3506A1AE8776}.Release|Any CPU.Build.0 = Release|Any CPU
		{AE0976E8-835F-4F5B-B97A-0BC77A18FADE}.Debug|Any CPU.ActiveCfg = Debug|Any CPU
		{AE0976E8-835F-4F5B-B97A-0BC77A18FADE}.Debug|Any CPU.Build.0 = Debug|Any CPU
		{AE0976E8-835F-4F5B-B97A-0BC77A18FADE}.Release|Any CPU.ActiveCfg = Release|Any CPU
		{AE0976E8-835F-4F5B-B97A-0BC77A18FADE}.Release|Any CPU.Build.0 = Release|Any CPU
		{6B1B4988-FBFF-4068-8B03-0496401F6D19}.Debug|Any CPU.ActiveCfg = Debug|Any CPU
		{6B1B4988-FBFF-4068-8B03-0496401F6D19}.Debug|Any CPU.Build.0 = Debug|Any CPU
		{6B1B4988-FBFF-4068-8B03-0496401F6D19}.Release|Any CPU.ActiveCfg = Release|Any CPU
		{6B1B4988-FBFF-4068-8B03-0496401F6D19}.Release|Any CPU.Build.0 = Release|Any CPU
		{BB3C6F74-80FB-4C8F-986C-89F6420EEE97}.Debug|Any CPU.ActiveCfg = Debug|Any CPU
		{BB3C6F74-80FB-4C8F-986C-89F6420EEE97}.Debug|Any CPU.Build.0 = Debug|Any CPU
		{BB3C6F74-80FB-4C8F-986C-89F6420EEE97}.Release|Any CPU.ActiveCfg = Release|Any CPU
		{BB3C6F74-80FB-4C8F-986C-89F6420EEE97}.Release|Any CPU.Build.0 = Release|Any CPU
		{B5AE0FB2-FB12-4A70-ADAB-6D0F812B25EB}.Debug|Any CPU.ActiveCfg = Debug|Any CPU
		{B5AE0FB2-FB12-4A70-ADAB-6D0F812B25EB}.Debug|Any CPU.Build.0 = Debug|Any CPU
		{B5AE0FB2-FB12-4A70-ADAB-6D0F812B25EB}.Release|Any CPU.ActiveCfg = Release|Any CPU
		{B5AE0FB2-FB12-4A70-ADAB-6D0F812B25EB}.Release|Any CPU.Build.0 = Release|Any CPU
		{7F01B9BB-5307-4245-89D6-F22F7CD1723B}.Debug|Any CPU.ActiveCfg = Debug|Any CPU
		{7F01B9BB-5307-4245-89D6-F22F7CD1723B}.Debug|Any CPU.Build.0 = Debug|Any CPU
		{7F01B9BB-5307-4245-89D6-F22F7CD1723B}.Release|Any CPU.ActiveCfg = Release|Any CPU
		{7F01B9BB-5307-4245-89D6-F22F7CD1723B}.Release|Any CPU.Build.0 = Release|Any CPU
	EndGlobalSection
	GlobalSection(SolutionProperties) = preSolution
		HideSolutionNode = FALSE
	EndGlobalSection
	GlobalSection(NestedProjects) = preSolution
		{E1ED223D-2C98-499D-A406-A5FE8D4AF2A7} = {88326AED-61D8-448D-BED7-B618161DD360}
		{06D5D792-BD0B-48E8-940A-C9B24E805AD2} = {9F7C113D-679D-4233-9394-C475EA18E38E}
		{4F3061C3-F7A2-4B61-8379-74564550D29C} = {9F7C113D-679D-4233-9394-C475EA18E38E}
		{75F4274E-C1B3-483D-B8A6-5DD289180B68} = {9F7C113D-679D-4233-9394-C475EA18E38E}
		{AE87FD62-2AF2-451D-8A90-CD099E77660E} = {9F7C113D-679D-4233-9394-C475EA18E38E}
		{C7511D22-29C1-483C-9D24-3506A1AE8776} = {9F7C113D-679D-4233-9394-C475EA18E38E}
		{AE0976E8-835F-4F5B-B97A-0BC77A18FADE} = {E48C2E84-7259-403D-B578-5C2E46DAFA97}
		{6B1B4988-FBFF-4068-8B03-0496401F6D19} = {E48C2E84-7259-403D-B578-5C2E46DAFA97}
		{BB3C6F74-80FB-4C8F-986C-89F6420EEE97} = {AE8EC3E0-CD6A-4EE6-A3D9-BFF0BDB069C6}
		{B5AE0FB2-FB12-4A70-ADAB-6D0F812B25EB} = {AE8EC3E0-CD6A-4EE6-A3D9-BFF0BDB069C6}
		{7F01B9BB-5307-4245-89D6-F22F7CD1723B} = {88326AED-61D8-448D-BED7-B618161DD360}
	EndGlobalSection
	GlobalSection(ExtensibilityGlobals) = postSolution
		SolutionGuid = {EE52AD86-0B63-41F5-869D-A1C2FA717EDE}
	EndGlobalSection
EndGlobal
